
Microsoft Visual Studio Solution File, Format Version 12.00
# Visual Studio Version 16
VisualStudioVersion = 16.0.30517.126
MinimumVisualStudioVersion = 10.0.40219.1
Project("{FAE04EC0-301F-11D3-BF4B-00C04F79EFBC}") = "PDD login", "PDD longin\PDD login.csproj", "{F5810769-7D38-46F9-86E2-A87186B5169D}"
EndProject
Global
	GlobalSection(SolutionConfigurationPlatforms) = preSolution
		Debug|Any CPU = Debug|Any CPU
		Release|Any CPU = Release|Any CPU
	EndGlobalSection
	GlobalSection(ProjectConfigurationPlatforms) = postSolution
		{F5810769-7D38-46F9-86E2-A87186B5169D}.Debug|Any CPU.ActiveCfg = Debug|Any CPU
		{F5810769-7D38-46F9-86E2-A87186B5169D}.Debug|Any CPU.Build.0 = Debug|Any CPU
		{F5810769-7D38-46F9-86E2-A87186B5169D}.Release|Any CPU.ActiveCfg = Release|Any CPU
		{F5810769-7D38-46F9-86E2-A87186B5169D}.Release|Any CPU.Build.0 = Release|Any CPU
	EndGlobalSection
	GlobalSection(SolutionProperties) = preSolution
		HideSolutionNode = FALSE
	EndGlobalSection
	GlobalSection(ExtensibilityGlobals) = postSolution
		SolutionGuid = {3542A3EC-CA0A-4F10-954C-7A45546CB85F}
	EndGlobalSection
EndGlobal
